// !$*UTF8*$!
{
	archiveVersion = 1;
	classes = {
	};
	objectVersion = 50;
	objects = {

/* Begin PBXBuildFile section */
		18D28DD222703BB100EA2E28 /* PWDeviceTool.m in Sources */ = {isa = PBXBuildFile; fileRef = 18D28DD122703BB100EA2E28 /* PWDeviceTool.m */; };
		18D28DD52270417E00EA2E28 /* PWPlayer.m in Sources */ = {isa = PBXBuildFile; fileRef = 18D28DD42270417E00EA2E28 /* PWPlayer.m */; };
		18D28DD92270537F00EA2E28 /* PWPlayerDelegate.m in Sources */ = {isa = PBXBuildFile; fileRef = 18D28DD82270537F00EA2E28 /* PWPlayerDelegate.m */; };
		6047AD942270332900B11B03 /* AppDelegate.m in Sources */ = {isa = PBXBuildFile; fileRef = 6047AD932270332900B11B03 /* AppDelegate.m */; };
		6047AD972270332900B11B03 /* ViewController.m in Sources */ = {isa = PBXBuildFile; fileRef = 6047AD962270332900B11B03 /* ViewController.m */; };
		6047AD9A2270332900B11B03 /* Main.storyboard in Resources */ = {isa = PBXBuildFile; fileRef = 6047AD982270332900B11B03 /* Main.storyboard */; };
		6047AD9C2270332E00B11B03 /* Assets.xcassets in Resources */ = {isa = PBXBuildFile; fileRef = 6047AD9B2270332E00B11B03 /* Assets.xcassets */; };
		6047AD9F2270332E00B11B03 /* LaunchScreen.storyboard in Resources */ = {isa = PBXBuildFile; fileRef = 6047AD9D2270332E00B11B03 /* LaunchScreen.storyboard */; };
		6047ADA22270332E00B11B03 /* main.m in Sources */ = {isa = PBXBuildFile; fileRef = 6047ADA12270332E00B11B03 /* main.m */; };
		6047ADAC2270332E00B11B03 /* PWVideoPlayerTests.m in Sources */ = {isa = PBXBuildFile; fileRef = 6047ADAB2270332E00B11B03 /* PWVideoPlayerTests.m */; };
		6047ADB72270332E00B11B03 /* PWVideoPlayerUITests.m in Sources */ = {isa = PBXBuildFile; fileRef = 6047ADB62270332E00B11B03 /* PWVideoPlayerUITests.m */; };
		6047ADC7227033D800B11B03 /* PWVideoPlayer.m in Sources */ = {isa = PBXBuildFile; fileRef = 6047ADC6227033D800B11B03 /* PWVideoPlayer.m */; };
/* End PBXBuildFile section */

/* Begin PBXContainerItemProxy section */
		6047ADA82270332E00B11B03 /* PBXContainerItemProxy */ = {
			isa = PBXContainerItemProxy;
			containerPortal = 6047AD872270332900B11B03 /* Project object */;
			proxyType = 1;
			remoteGlobalIDString = 6047AD8E2270332900B11B03;
			remoteInfo = PWVideoPlayer;
		};
		6047ADB32270332E00B11B03 /* PBXContainerItemProxy */ = {
			isa = PBXContainerItemProxy;
			containerPortal = 6047AD872270332900B11B03 /* Project object */;
			proxyType = 1;
			remoteGlobalIDString = 6047AD8E2270332900B11B03;
			remoteInfo = PWVideoPlayer;
		};
/* End PBXContainerItemProxy section */

/* Begin PBXFileReference section */
		18D28DD022703BB100EA2E28 /* PWDeviceTool.h */ = {isa = PBXFileReference; lastKnownFileType = sourcecode.c.h; path = PWDeviceTool.h; sourceTree = "<group>"; };
		18D28DD122703BB100EA2E28 /* PWDeviceTool.m */ = {isa = PBXFileReference; lastKnownFileType = sourcecode.c.objc; path = PWDeviceTool.m; sourceTree = "<group>"; };
		18D28DD32270417E00EA2E28 /* PWPlayer.h */ = {isa = PBXFileReference; lastKnownFileType = sourcecode.c.h; path = PWPlayer.h; sourceTree = "<group>"; };
		18D28DD42270417E00EA2E28 /* PWPlayer.m */ = {isa = PBXFileReference; lastKnownFileType = sourcecode.c.objc; path = PWPlayer.m; sourceTree = "<group>"; };
		18D28DD72270537E00EA2E28 /* PWPlayerDelegate.h */ = {isa = PBXFileReference; lastKnownFileType = sourcecode.c.h; path = PWPlayerDelegate.h; sourceTree = "<group>"; };
		18D28DD82270537F00EA2E28 /* PWPlayerDelegate.m */ = {isa = PBXFileReference; lastKnownFileType = sourcecode.c.objc; path = PWPlayerDelegate.m; sourceTree = "<group>"; };
		6047AD8F2270332900B11B03 /* PWVideoPlayer.app */ = {isa = PBXFileReference; explicitFileType = wrapper.application; includeInIndex = 0; path = PWVideoPlayer.app; sourceTree = BUILT_PRODUCTS_DIR; };
		6047AD922270332900B11B03 /* AppDelegate.h */ = {isa = PBXFileReference; lastKnownFileType = sourcecode.c.h; path = AppDelegate.h; sourceTree = "<group>"; };
		6047AD932270332900B11B03 /* AppDelegate.m */ = {isa = PBXFileReference; lastKnownFileType = sourcecode.c.objc; path = AppDelegate.m; sourceTree = "<group>"; };
		6047AD952270332900B11B03 /* ViewController.h */ = {isa = PBXFileReference; lastKnownFileType = sourcecode.c.h; path = ViewController.h; sourceTree = "<group>"; };
		6047AD962270332900B11B03 /* ViewController.m */ = {isa = PBXFileReference; lastKnownFileType = sourcecode.c.objc; path = ViewController.m; sourceTree = "<group>"; };
		6047AD992270332900B11B03 /* Base */ = {isa = PBXFileReference; lastKnownFileType = file.storyboard; name = Base; path = Base.lproj/Main.storyboard; sourceTree = "<group>"; };
		6047AD9B2270332E00B11B03 /* Assets.xcassets */ = {isa = PBXFileReference; lastKnownFileType = folder.assetcatalog; path = Assets.xcassets; sourceTree = "<group>"; };
		6047AD9E2270332E00B11B03 /* Base */ = {isa = PBXFileReference; lastKnownFileType = file.storyboard; name = Base; path = Base.lproj/LaunchScreen.storyboard; sourceTree = "<group>"; };
		6047ADA02270332E00B11B03 /* Info.plist */ = {isa = PBXFileReference; lastKnownFileType = text.plist.xml; path = Info.plist; sourceTree = "<group>"; };
		6047ADA12270332E00B11B03 /* main.m */ = {isa = PBXFileReference; lastKnownFileType = sourcecode.c.objc; path = main.m; sourceTree = "<group>"; };
		6047ADA72270332E00B11B03 /* PWVideoPlayerTests.xctest */ = {isa = PBXFileReference; explicitFileType = wrapper.cfbundle; includeInIndex = 0; path = PWVideoPlayerTests.xctest; sourceTree = BUILT_PRODUCTS_DIR; };
		6047ADAB2270332E00B11B03 /* PWVideoPlayerTests.m */ = {isa = PBXFileReference; lastKnownFileType = sourcecode.c.objc; path = PWVideoPlayerTests.m; sourceTree = "<group>"; };
		6047ADAD2270332E00B11B03 /* Info.plist */ = {isa = PBXFileReference; lastKnownFileType = text.plist.xml; path = Info.plist; sourceTree = "<group>"; };
		6047ADB22270332E00B11B03 /* PWVideoPlayerUITests.xctest */ = {isa = PBXFileReference; explicitFileType = wrapper.cfbundle; includeInIndex = 0; path = PWVideoPlayerUITests.xctest; sourceTree = BUILT_PRODUCTS_DIR; };
		6047ADB62270332E00B11B03 /* PWVideoPlayerUITests.m */ = {isa = PBXFileReference; lastKnownFileType = sourcecode.c.objc; path = PWVideoPlayerUITests.m; sourceTree = "<group>"; };
		6047ADB82270332E00B11B03 /* Info.plist */ = {isa = PBXFileReference; lastKnownFileType = text.plist.xml; path = Info.plist; sourceTree = "<group>"; };
		6047ADC5227033D800B11B03 /* PWVideoPlayer.h */ = {isa = PBXFileReference; lastKnownFileType = sourcecode.c.h; path = PWVideoPlayer.h; sourceTree = "<group>"; };
		6047ADC6227033D800B11B03 /* PWVideoPlayer.m */ = {isa = PBXFileReference; lastKnownFileType = sourcecode.c.objc; path = PWVideoPlayer.m; sourceTree = "<group>"; };
/* End PBXFileReference section */

/* Begin PBXFrameworksBuildPhase section */
		6047AD8C2270332900B11B03 /* Frameworks */ = {
			isa = PBXFrameworksBuildPhase;
			buildActionMask = 2147483647;
			files = (
			);
			runOnlyForDeploymentPostprocessing = 0;
		};
		6047ADA42270332E00B11B03 /* Frameworks */ = {
			isa = PBXFrameworksBuildPhase;
			buildActionMask = 2147483647;
			files = (
			);
			runOnlyForDeploymentPostprocessing = 0;
		};
		6047ADAF2270332E00B11B03 /* Frameworks */ = {
			isa = PBXFrameworksBuildPhase;
			buildActionMask = 2147483647;
			files = (
			);
			runOnlyForDeploymentPostprocessing = 0;
		};
/* End PBXFrameworksBuildPhase section */

/* Begin PBXGroup section */
		18D28DCF22703A9000EA2E28 /* Utils */ = {
			isa = PBXGroup;
			children = (
				18D28DD022703BB100EA2E28 /* PWDeviceTool.h */,
				18D28DD122703BB100EA2E28 /* PWDeviceTool.m */,
				18D28DD32270417E00EA2E28 /* PWPlayer.h */,
				18D28DD42270417E00EA2E28 /* PWPlayer.m */,
				18D28DD72270537E00EA2E28 /* PWPlayerDelegate.h */,
				18D28DD82270537F00EA2E28 /* PWPlayerDelegate.m */,
			);
			path = Utils;
			sourceTree = "<group>";
		};
		6047AD862270332900B11B03 = {
			isa = PBXGroup;
			children = (
				6047AD912270332900B11B03 /* PWVideoPlayer */,
				6047ADAA2270332E00B11B03 /* PWVideoPlayerTests */,
				6047ADB52270332E00B11B03 /* PWVideoPlayerUITests */,
				6047AD902270332900B11B03 /* Products */,
			);
			sourceTree = "<group>";
		};
		6047AD902270332900B11B03 /* Products */ = {
			isa = PBXGroup;
			children = (
				6047AD8F2270332900B11B03 /* PWVideoPlayer.app */,
				6047ADA72270332E00B11B03 /* PWVideoPlayerTests.xctest */,
				6047ADB22270332E00B11B03 /* PWVideoPlayerUITests.xctest */,
			);
			name = Products;
			sourceTree = "<group>";
		};
		6047AD912270332900B11B03 /* PWVideoPlayer */ = {
			isa = PBXGroup;
			children = (
				6047AD922270332900B11B03 /* AppDelegate.h */,
				6047AD932270332900B11B03 /* AppDelegate.m */,
				6047AD952270332900B11B03 /* ViewController.h */,
				6047AD962270332900B11B03 /* ViewController.m */,
				6047ADC4227033A900B11B03 /* Source */,
				6047AD982270332900B11B03 /* Main.storyboard */,
				6047AD9B2270332E00B11B03 /* Assets.xcassets */,
				6047AD9D2270332E00B11B03 /* LaunchScreen.storyboard */,
				6047ADA02270332E00B11B03 /* Info.plist */,
				6047ADA12270332E00B11B03 /* main.m */,
			);
			path = PWVideoPlayer;
			sourceTree = "<group>";
		};
		6047ADAA2270332E00B11B03 /* PWVideoPlayerTests */ = {
			isa = PBXGroup;
			children = (
				6047ADAB2270332E00B11B03 /* PWVideoPlayerTests.m */,
				6047ADAD2270332E00B11B03 /* Info.plist */,
			);
			path = PWVideoPlayerTests;
			sourceTree = "<group>";
		};
		6047ADB52270332E00B11B03 /* PWVideoPlayerUITests */ = {
			isa = PBXGroup;
			children = (
				6047ADB62270332E00B11B03 /* PWVideoPlayerUITests.m */,
				6047ADB82270332E00B11B03 /* Info.plist */,
			);
			path = PWVideoPlayerUITests;
			sourceTree = "<group>";
		};
		6047ADC4227033A900B11B03 /* Source */ = {
			isa = PBXGroup;
			children = (
				18D28DCF22703A9000EA2E28 /* Utils */,
				6047ADC5227033D800B11B03 /* PWVideoPlayer.h */,
				6047ADC6227033D800B11B03 /* PWVideoPlayer.m */,
			);
			path = Source;
			sourceTree = "<group>";
		};
/* End PBXGroup section */

/* Begin PBXNativeTarget section */
		6047AD8E2270332900B11B03 /* PWVideoPlayer */ = {
			isa = PBXNativeTarget;
			buildConfigurationList = 6047ADBB2270332E00B11B03 /* Build configuration list for PBXNativeTarget "PWVideoPlayer" */;
			buildPhases = (
				6047AD8B2270332900B11B03 /* Sources */,
				6047AD8C2270332900B11B03 /* Frameworks */,
				6047AD8D2270332900B11B03 /* Resources */,
			);
			buildRules = (
			);
			dependencies = (
			);
			name = PWVideoPlayer;
			productName = PWVideoPlayer;
			productReference = 6047AD8F2270332900B11B03 /* PWVideoPlayer.app */;
			productType = "com.apple.product-type.application";
		};
		6047ADA62270332E00B11B03 /* PWVideoPlayerTests */ = {
			isa = PBXNativeTarget;
			buildConfigurationList = 6047ADBE2270332E00B11B03 /* Build configuration list for PBXNativeTarget "PWVideoPlayerTests" */;
			buildPhases = (
				6047ADA32270332E00B11B03 /* Sources */,
				6047ADA42270332E00B11B03 /* Frameworks */,
				6047ADA52270332E00B11B03 /* Resources */,
			);
			buildRules = (
			);
			dependencies = (
				6047ADA92270332E00B11B03 /* PBXTargetDependency */,
			);
			name = PWVideoPlayerTests;
			productName = PWVideoPlayerTests;
			productReference = 6047ADA72270332E00B11B03 /* PWVideoPlayerTests.xctest */;
			productType = "com.apple.product-type.bundle.unit-test";
		};
		6047ADB12270332E00B11B03 /* PWVideoPlayerUITests */ = {
			isa = PBXNativeTarget;
			buildConfigurationList = 6047ADC12270332E00B11B03 /* Build configuration list for PBXNativeTarget "PWVideoPlayerUITests" */;
			buildPhases = (
				6047ADAE2270332E00B11B03 /* Sources */,
				6047ADAF2270332E00B11B03 /* Frameworks */,
				6047ADB02270332E00B11B03 /* Resources */,
			);
			buildRules = (
			);
			dependencies = (
				6047ADB42270332E00B11B03 /* PBXTargetDependency */,
			);
			name = PWVideoPlayerUITests;
			productName = PWVideoPlayerUITests;
			productReference = 6047ADB22270332E00B11B03 /* PWVideoPlayerUITests.xctest */;
			productType = "com.apple.product-type.bundle.ui-testing";
		};
/* End PBXNativeTarget section */

/* Begin PBXProject section */
		6047AD872270332900B11B03 /* Project object */ = {
			isa = PBXProject;
			attributes = {
				LastUpgradeCheck = 1020;
				ORGANIZATIONNAME = WeirdPan;
				TargetAttributes = {
					6047AD8E2270332900B11B03 = {
						CreatedOnToolsVersion = 10.2.1;
					};
					6047ADA62270332E00B11B03 = {
						CreatedOnToolsVersion = 10.2.1;
						TestTargetID = 6047AD8E2270332900B11B03;
					};
					6047ADB12270332E00B11B03 = {
						CreatedOnToolsVersion = 10.2.1;
						TestTargetID = 6047AD8E2270332900B11B03;
					};
				};
			};
			buildConfigurationList = 6047AD8A2270332900B11B03 /* Build configuration list for PBXProject "PWVideoPlayer" */;
			compatibilityVersion = "Xcode 9.3";
			developmentRegion = en;
			hasScannedForEncodings = 0;
			knownRegions = (
				en,
				Base,
			);
			mainGroup = 6047AD862270332900B11B03;
			productRefGroup = 6047AD902270332900B11B03 /* Products */;
			projectDirPath = "";
			projectRoot = "";
			targets = (
				6047AD8E2270332900B11B03 /* PWVideoPlayer */,
				6047ADA62270332E00B11B03 /* PWVideoPlayerTests */,
				6047ADB12270332E00B11B03 /* PWVideoPlayerUITests */,
			);
		};
/* End PBXProject section */

/* Begin PBXResourcesBuildPhase section */
		6047AD8D2270332900B11B03 /* Resources */ = {
			isa = PBXResourcesBuildPhase;
			buildActionMask = 2147483647;
			files = (
				6047AD9F2270332E00B11B03 /* LaunchScreen.storyboard in Resources */,
				6047AD9C2270332E00B11B03 /* Assets.xcassets in Resources */,
				6047AD9A2270332900B11B03 /* Main.storyboard in Resources */,
			);
			runOnlyForDeploymentPostprocessing = 0;
		};
		6047ADA52270332E00B11B03 /* Resources */ = {
			isa = PBXResourcesBuildPhase;
			buildActionMask = 2147483647;
			files = (
			);
			runOnlyForDeploymentPostprocessing = 0;
		};
		6047ADB02270332E00B11B03 /* Resources */ = {
			isa = PBXResourcesBuildPhase;
			buildActionMask = 2147483647;
			files = (
			);
			runOnlyForDeploymentPostprocessing = 0;
		};
/* End PBXResourcesBuildPhase section */

/* Begin PBXSourcesBuildPhase section */
		6047AD8B2270332900B11B03 /* Sources */ = {
			isa = PBXSourcesBuildPhase;
			buildActionMask = 2147483647;
			files = (
				6047AD972270332900B11B03 /* ViewController.m in Sources */,
				18D28DD52270417E00EA2E28 /* PWPlayer.m in Sources */,
				18D28DD222703BB100EA2E28 /* PWDeviceTool.m in Sources */,
				18D28DD92270537F00EA2E28 /* PWPlayerDelegate.m in Sources */,
				6047ADC7227033D800B11B03 /* PWVideoPlayer.m in Sources */,
				6047ADA22270332E00B11B03 /* main.m in Sources */,
				6047AD942270332900B11B03 /* AppDelegate.m in Sources */,
			);
			runOnlyForDeploymentPostprocessing = 0;
		};
		6047ADA32270332E00B11B03 /* Sources */ = {
			isa = PBXSourcesBuildPhase;
			buildActionMask = 2147483647;
			files = (
				6047ADAC2270332E00B11B03 /* PWVideoPlayerTests.m in Sources */,
			);
			runOnlyForDeploymentPostprocessing = 0;
		};
		6047ADAE2270332E00B11B03 /* Sources */ = {
			isa = PBXSourcesBuildPhase;
			buildActionMask = 2147483647;
			files = (
				6047ADB72270332E00B11B03 /* PWVideoPlayerUITests.m in Sources */,
			);
			runOnlyForDeploymentPostprocessing = 0;
		};
/* End PBXSourcesBuildPhase section */

/* Begin PBXTargetDependency section */
		6047ADA92270332E00B11B03 /* PBXTargetDependency */ = {
			isa = PBXTargetDependency;
			target = 6047AD8E2270332900B11B03 /* PWVideoPlayer */;
			targetProxy = 6047ADA82270332E00B11B03 /* PBXContainerItemProxy */;
		};
		6047ADB42270332E00B11B03 /* PBXTargetDependency */ = {
			isa = PBXTargetDependency;
			target = 6047AD8E2270332900B11B03 /* PWVideoPlayer */;
			targetProxy = 6047ADB32270332E00B11B03 /* PBXContainerItemProxy */;
		};
/* End PBXTargetDependency section */

/* Begin PBXVariantGroup section */
		6047AD982270332900B11B03 /* Main.storyboard */ = {
			isa = PBXVariantGroup;
			children = (
				6047AD992270332900B11B03 /* Base */,
			);
			name = Main.storyboard;
			sourceTree = "<group>";
		};
		6047AD9D2270332E00B11B03 /* LaunchScreen.storyboard */ = {
			isa = PBXVariantGroup;
			children = (
				6047AD9E2270332E00B11B03 /* Base */,
			);
			name = LaunchScreen.storyboard;
			sourceTree = "<group>";
		};
/* End PBXVariantGroup section */

/* Begin XCBuildConfiguration section */
		6047ADB92270332E00B11B03 /* Debug */ = {
			isa = XCBuildConfiguration;
			buildSettings = {
				ALWAYS_SEARCH_USER_PATHS = NO;
				CLANG_ANALYZER_NONNULL = YES;
				CLANG_ANALYZER_NUMBER_OBJECT_CONVERSION = YES_AGGRESSIVE;
				CLANG_CXX_LANGUAGE_STANDARD = "gnu++14";
				CLANG_CXX_LIBRARY = "libc++";
				CLANG_ENABLE_MODULES = YES;
				CLANG_ENABLE_OBJC_ARC = YES;
				CLANG_ENABLE_OBJC_WEAK = YES;
				CLANG_WARN_BLOCK_CAPTURE_AUTORELEASING = YES;
				CLANG_WARN_BOOL_CONVERSION = YES;
				CLANG_WARN_COMMA = YES;
				CLANG_WARN_CONSTANT_CONVERSION = YES;
				CLANG_WARN_DEPRECATED_OBJC_IMPLEMENTATIONS = YES;
				CLANG_WARN_DIRECT_OBJC_ISA_USAGE = YES_ERROR;
				CLANG_WARN_DOCUMENTATION_COMMENTS = YES;
				CLANG_WARN_EMPTY_BODY = YES;
				CLANG_WARN_ENUM_CONVERSION = YES;
				CLANG_WARN_INFINITE_RECURSION = YES;
				CLANG_WARN_INT_CONVERSION = YES;
				CLANG_WARN_NON_LITERAL_NULL_CONVERSION = YES;
				CLANG_WARN_OBJC_IMPLICIT_RETAIN_SELF = YES;
				CLANG_WARN_OBJC_LITERAL_CONVERSION = YES;
				CLANG_WARN_OBJC_ROOT_CLASS = YES_ERROR;
				CLANG_WARN_RANGE_LOOP_ANALYSIS = YES;
				CLANG_WARN_STRICT_PROTOTYPES = YES;
				CLANG_WARN_SUSPICIOUS_MOVE = YES;
				CLANG_WARN_UNGUARDED_AVAILABILITY = YES_AGGRESSIVE;
				CLANG_WARN_UNREACHABLE_CODE = YES;
				CLANG_WARN__DUPLICATE_METHOD_MATCH = YES;
				CODE_SIGN_IDENTITY = "iPhone Developer";
				COPY_PHASE_STRIP = NO;
				DEBUG_INFORMATION_FORMAT = dwarf;
				ENABLE_STRICT_OBJC_MSGSEND = YES;
				ENABLE_TESTABILITY = YES;
				GCC_C_LANGUAGE_STANDARD = gnu11;
				GCC_DYNAMIC_NO_PIC = NO;
				GCC_NO_COMMON_BLOCKS = YES;
				GCC_OPTIMIZATION_LEVEL = 0;
				GCC_PREPROCESSOR_DEFINITIONS = (
					"DEBUG=1",
					"$(inherited)",
				);
				GCC_WARN_64_TO_32_BIT_CONVERSION = YES;
				GCC_WARN_ABOUT_RETURN_TYPE = YES_ERROR;
				GCC_WARN_UNDECLARED_SELECTOR = YES;
				GCC_WARN_UNINITIALIZED_AUTOS = YES_AGGRESSIVE;
				GCC_WARN_UNUSED_FUNCTION = YES;
				GCC_WARN_UNUSED_VARIABLE = YES;
				IPHONEOS_DEPLOYMENT_TARGET = 12.2;
				MTL_ENABLE_DEBUG_INFO = INCLUDE_SOURCE;
				MTL_FAST_MATH = YES;
				ONLY_ACTIVE_ARCH = YES;
				SDKROOT = iphoneos;
			};
			name = Debug;
		};
		6047ADBA2270332E00B11B03 /* Release */ = {
			isa = XCBuildConfiguration;
			buildSettings = {
				ALWAYS_SEARCH_USER_PATHS = NO;
				CLANG_ANALYZER_NONNULL = YES;
				CLANG_ANALYZER_NUMBER_OBJECT_CONVERSION = YES_AGGRESSIVE;
				CLANG_CXX_LANGUAGE_STANDARD = "gnu++14";
				CLANG_CXX_LIBRARY = "libc++";
				CLANG_ENABLE_MODULES = YES;
				CLANG_ENABLE_OBJC_ARC = YES;
				CLANG_ENABLE_OBJC_WEAK = YES;
				CLANG_WARN_BLOCK_CAPTURE_AUTORELEASING = YES;
				CLANG_WARN_BOOL_CONVERSION = YES;
				CLANG_WARN_COMMA = YES;
				CLANG_WARN_CONSTANT_CONVERSION = YES;
				CLANG_WARN_DEPRECATED_OBJC_IMPLEMENTATIONS = YES;
				CLANG_WARN_DIRECT_OBJC_ISA_USAGE = YES_ERROR;
				CLANG_WARN_DOCUMENTATION_COMMENTS = YES;
				CLANG_WARN_EMPTY_BODY = YES;
				CLANG_WARN_ENUM_CONVERSION = YES;
				CLANG_WARN_INFINITE_RECURSION = YES;
				CLANG_WARN_INT_CONVERSION = YES;
				CLANG_WARN_NON_LITERAL_NULL_CONVERSION = YES;
				CLANG_WARN_OBJC_IMPLICIT_RETAIN_SELF = YES;
				CLANG_WARN_OBJC_LITERAL_CONVERSION = YES;
				CLANG_WARN_OBJC_ROOT_CLASS = YES_ERROR;
				CLANG_WARN_RANGE_LOOP_ANALYSIS = YES;
				CLANG_WARN_STRICT_PROTOTYPES = YES;
				CLANG_WARN_SUSPICIOUS_MOVE = YES;
				CLANG_WARN_UNGUARDED_AVAILABILITY = YES_AGGRESSIVE;
				CLANG_WARN_UNREACHABLE_CODE = YES;
				CLANG_WARN__DUPLICATE_METHOD_MATCH = YES;
				CODE_SIGN_IDENTITY = "iPhone Developer";
				COPY_PHASE_STRIP = NO;
				DEBUG_INFORMATION_FORMAT = "dwarf-with-dsym";
				ENABLE_NS_ASSERTIONS = NO;
				ENABLE_STRICT_OBJC_MSGSEND = YES;
				GCC_C_LANGUAGE_STANDARD = gnu11;
				GCC_NO_COMMON_BLOCKS = YES;
				GCC_WARN_64_TO_32_BIT_CONVERSION = YES;
				GCC_WARN_ABOUT_RETURN_TYPE = YES_ERROR;
				GCC_WARN_UNDECLARED_SELECTOR = YES;
				GCC_WARN_UNINITIALIZED_AUTOS = YES_AGGRESSIVE;
				GCC_WARN_UNUSED_FUNCTION = YES;
				GCC_WARN_UNUSED_VARIABLE = YES;
				IPHONEOS_DEPLOYMENT_TARGET = 12.2;
				MTL_ENABLE_DEBUG_INFO = NO;
				MTL_FAST_MATH = YES;
				SDKROOT = iphoneos;
				VALIDATE_PRODUCT = YES;
			};
			name = Release;
		};
		6047ADBC2270332E00B11B03 /* Debug */ = {
			isa = XCBuildConfiguration;
			buildSettings = {
				ASSETCATALOG_COMPILER_APPICON_NAME = AppIcon;
				CODE_SIGN_STYLE = Automatic;
				DEVELOPMENT_TEAM = 49ZCVSQ8X9;
				INFOPLIST_FILE = PWVideoPlayer/Info.plist;
				IPHONEOS_DEPLOYMENT_TARGET = 9.0;
				LD_RUNPATH_SEARCH_PATHS = (
					"$(inherited)",
					"@executable_path/Frameworks",
				);
				PRODUCT_BUNDLE_IDENTIFIER = com.pwvideoplayer.PWVideoPlayer;
				PRODUCT_NAME = "$(TARGET_NAME)";
				TARGETED_DEVICE_FAMILY = "1,2";
			};
			name = Debug;
		};
		6047ADBD2270332E00B11B03 /* Release */ = {
			isa = XCBuildConfiguration;
			buildSettings = {
				ASSETCATALOG_COMPILER_APPICON_NAME = AppIcon;
				CODE_SIGN_STYLE = Automatic;
				DEVELOPMENT_TEAM = 49ZCVSQ8X9;
				INFOPLIST_FILE = PWVideoPlayer/Info.plist;
				IPHONEOS_DEPLOYMENT_TARGET = 9.0;
				LD_RUNPATH_SEARCH_PATHS = (
					"$(inherited)",
					"@executable_path/Frameworks",
				);
				PRODUCT_BUNDLE_IDENTIFIER = com.pwvideoplayer.PWVideoPlayer;
				PRODUCT_NAME = "$(TARGET_NAME)";
				TARGETED_DEVICE_FAMILY = "1,2";
			};
			name = Release;
		};
		6047ADBF2270332E00B11B03 /* Debug */ = {
			isa = XCBuildConfiguration;
			buildSettings = {
				BUNDLE_LOADER = "$(TEST_HOST)";
				CODE_SIGN_STYLE = Automatic;
				INFOPLIST_FILE = PWVideoPlayerTests/Info.plist;
				LD_RUNPATH_SEARCH_PATHS = (
					"$(inherited)",
					"@executable_path/Frameworks",
					"@loader_path/Frameworks",
				);
				PRODUCT_BUNDLE_IDENTIFIER = com.pwvideoplayer.PWVideoPlayerTests;
				PRODUCT_NAME = "$(TARGET_NAME)";
				TARGETED_DEVICE_FAMILY = "1,2";
				TEST_HOST = "$(BUILT_PRODUCTS_DIR)/PWVideoPlayer.app/PWVideoPlayer";
			};
			name = Debug;
		};
		6047ADC02270332E00B11B03 /* Release */ = {
			isa = XCBuildConfiguration;
			buildSettings = {
				BUNDLE_LOADER = "$(TEST_HOST)";
				CODE_SIGN_STYLE = Automatic;
				INFOPLIST_FILE = PWVideoPlayerTests/Info.plist;
				LD_RUNPATH_SEARCH_PATHS = (
					"$(inherited)",
					"@executable_path/Frameworks",
					"@loader_path/Frameworks",
				);
				PRODUCT_BUNDLE_IDENTIFIER = com.pwvideoplayer.PWVideoPlayerTests;
				PRODUCT_NAME = "$(TARGET_NAME)";
				TARGETED_DEVICE_FAMILY = "1,2";
				TEST_HOST = "$(BUILT_PRODUCTS_DIR)/PWVideoPlayer.app/PWVideoPlayer";
			};
			name = Release;
		};
		6047ADC22270332E00B11B03 /* Debug */ = {
			isa = XCBuildConfiguration;
			buildSettings = {
				CODE_SIGN_STYLE = Automatic;
				INFOPLIST_FILE = PWVideoPlayerUITests/Info.plist;
				LD_RUNPATH_SEARCH_PATHS = (
					"$(inherited)",
					"@executable_path/Frameworks",
					"@loader_path/Frameworks",
				);
				PRODUCT_BUNDLE_IDENTIFIER = com.pwvideoplayer.PWVideoPlayerUITests;
				PRODUCT_NAME = "$(TARGET_NAME)";
				TARGETED_DEVICE_FAMILY = "1,2";
				TEST_TARGET_NAME = PWVideoPlayer;
			};
			name = Debug;
		};
		6047ADC32270332E00B11B03 /* Release */ = {
			isa = XCBuildConfiguration;
			buildSettings = {
				CODE_SIGN_STYLE = Automatic;
				INFOPLIST_FILE = PWVideoPlayerUITests/Info.plist;
				LD_RUNPATH_SEARCH_PATHS = (
					"$(inherited)",
					"@executable_path/Frameworks",
					"@loader_path/Frameworks",
				);
				PRODUCT_BUNDLE_IDENTIFIER = com.pwvideoplayer.PWVideoPlayerUITests;
				PRODUCT_NAME = "$(TARGET_NAME)";
				TARGETED_DEVICE_FAMILY = "1,2";
				TEST_TARGET_NAME = PWVideoPlayer;
			};
			name = Release;
		};
/* End XCBuildConfiguration section */

/* Begin XCConfigurationList section */
		6047AD8A2270332900B11B03 /* Build configuration list for PBXProject "PWVideoPlayer" */ = {
			isa = XCConfigurationList;
			buildConfigurations = (
				6047ADB92270332E00B11B03 /* Debug */,
				6047ADBA2270332E00B11B03 /* Release */,
			);
			defaultConfigurationIsVisible = 0;
			defaultConfigurationName = Release;
		};
		6047ADBB2270332E00B11B03 /* Build configuration list for PBXNativeTarget "PWVideoPlayer" */ = {
			isa = XCConfigurationList;
			buildConfigurations = (
				6047ADBC2270332E00B11B03 /* Debug */,
				6047ADBD2270332E00B11B03 /* Release */,
			);
			defaultConfigurationIsVisible = 0;
			defaultConfigurationName = Release;
		};
		6047ADBE2270332E00B11B03 /* Build configuration list for PBXNativeTarget "PWVideoPlayerTests" */ = {
			isa = XCConfigurationList;
			buildConfigurations = (
				6047ADBF2270332E00B11B03 /* Debug */,
				6047ADC02270332E00B11B03 /* Release */,
			);
			defaultConfigurationIsVisible = 0;
			defaultConfigurationName = Release;
		};
		6047ADC12270332E00B11B03 /* Build configuration list for PBXNativeTarget "PWVideoPlayerUITests" */ = {
			isa = XCConfigurationList;
			buildConfigurations = (
				6047ADC22270332E00B11B03 /* Debug */,
				6047ADC32270332E00B11B03 /* Release */,
			);
			defaultConfigurationIsVisible = 0;
			defaultConfigurationName = Release;
		};
/* End XCConfigurationList section */
	};
	rootObject = 6047AD872270332900B11B03 /* Project object */;
}
